// !$*UTF8*$!
{
	archiveVersion = 1;
	classes = {
	};
	objectVersion = 46;
	objects = {

/* Begin PBXBuildFile section */
		6EB624F20543BBF743E5ADED /* NSAttributedString+EmojiExtension.m in Sources */ = {isa = PBXBuildFile; fileRef = 6EB6247CBD7F1668B5C3DBE9 /* NSAttributedString+EmojiExtension.m */; };
		F4FFEEC21AA9CA5C00645325 /* main.m in Sources */ = {isa = PBXBuildFile; fileRef = F4FFEEC11AA9CA5C00645325 /* main.m */; };
		F4FFEEC51AA9CA5C00645325 /* AppDelegate.m in Sources */ = {isa = PBXBuildFile; fileRef = F4FFEEC41AA9CA5C00645325 /* AppDelegate.m */; };
		F4FFEEC81AA9CA5C00645325 /* ViewController.m in Sources */ = {isa = PBXBuildFile; fileRef = F4FFEEC71AA9CA5C00645325 /* ViewController.m */; };
		F4FFEECB1AA9CA5C00645325 /* Main.storyboard in Resources */ = {isa = PBXBuildFile; fileRef = F4FFEEC91AA9CA5C00645325 /* Main.storyboard */; };
		F4FFEED01AA9CA5C00645325 /* LaunchScreen.xib in Resources */ = {isa = PBXBuildFile; fileRef = F4FFEECE1AA9CA5C00645325 /* LaunchScreen.xib */; };
		F4FFEEDC1AA9CA5C00645325 /* InputEmojiExampleTests.m in Sources */ = {isa = PBXBuildFile; fileRef = F4FFEEDB1AA9CA5C00645325 /* InputEmojiExampleTests.m */; };
		F4FFEEE71AAA07E700645325 /* EmojiTextAttachment.m in Sources */ = {isa = PBXBuildFile; fileRef = F4FFEEE61AAA07E700645325 /* EmojiTextAttachment.m */; };
		F4FFEEE91AAA1BE100645325 /* Media.xcassets in Resources */ = {isa = PBXBuildFile; fileRef = F4FFEEE81AAA1BE100645325 /* Media.xcassets */; };
/* End PBXBuildFile section */

/* Begin PBXContainerItemProxy section */
		F4FFEED61AA9CA5C00645325 /* PBXContainerItemProxy */ = {
			isa = PBXContainerItemProxy;
			containerPortal = F4FFEEB41AA9CA5B00645325 /* Project object */;
			proxyType = 1;
			remoteGlobalIDString = F4FFEEBB1AA9CA5B00645325;
			remoteInfo = InputEmojiExample;
		};
/* End PBXContainerItemProxy section */

/* Begin PBXFileReference section */
		6EB6247CBD7F1668B5C3DBE9 /* NSAttributedString+EmojiExtension.m */ = {isa = PBXFileReference; fileEncoding = 4; lastKnownFileType = sourcecode.c.objc; path = "NSAttributedString+EmojiExtension.m"; sourceTree = "<group>"; };
		6EB62D83E7D6E6DEB684FF44 /* NSAttributedString+EmojiExtension.h */ = {isa = PBXFileReference; fileEncoding = 4; lastKnownFileType = sourcecode.c.h; path = "NSAttributedString+EmojiExtension.h"; sourceTree = "<group>"; };
		F4FFEEBC1AA9CA5C00645325 /* InputEmojiExample.app */ = {isa = PBXFileReference; explicitFileType = wrapper.application; includeInIndex = 0; path = InputEmojiExample.app; sourceTree = BUILT_PRODUCTS_DIR; };
		F4FFEEC01AA9CA5C00645325 /* Info.plist */ = {isa = PBXFileReference; lastKnownFileType = text.plist.xml; path = Info.plist; sourceTree = "<group>"; };
		F4FFEEC11AA9CA5C00645325 /* main.m */ = {isa = PBXFileReference; lastKnownFileType = sourcecode.c.objc; path = main.m; sourceTree = "<group>"; };
		F4FFEEC31AA9CA5C00645325 /* AppDelegate.h */ = {isa = PBXFileReference; lastKnownFileType = sourcecode.c.h; path = AppDelegate.h; sourceTree = "<group>"; };
		F4FFEEC41AA9CA5C00645325 /* AppDelegate.m */ = {isa = PBXFileReference; lastKnownFileType = sourcecode.c.objc; path = AppDelegate.m; sourceTree = "<group>"; };
		F4FFEEC61AA9CA5C00645325 /* ViewController.h */ = {isa = PBXFileReference; lastKnownFileType = sourcecode.c.h; path = ViewController.h; sourceTree = "<group>"; };
		F4FFEEC71AA9CA5C00645325 /* ViewController.m */ = {isa = PBXFileReference; lastKnownFileType = sourcecode.c.objc; path = ViewController.m; sourceTree = "<group>"; };
		F4FFEECA1AA9CA5C00645325 /* Base */ = {isa = PBXFileReference; lastKnownFileType = file.storyboard; name = Base; path = Base.lproj/Main.storyboard; sourceTree = "<group>"; };
		F4FFEECF1AA9CA5C00645325 /* Base */ = {isa = PBXFileReference; lastKnownFileType = file.xib; name = Base; path = Base.lproj/LaunchScreen.xib; sourceTree = "<group>"; };
		F4FFEED51AA9CA5C00645325 /* InputEmojiExampleTests.xctest */ = {isa = PBXFileReference; explicitFileType = wrapper.cfbundle; includeInIndex = 0; path = InputEmojiExampleTests.xctest; sourceTree = BUILT_PRODUCTS_DIR; };
		F4FFEEDA1AA9CA5C00645325 /* Info.plist */ = {isa = PBXFileReference; lastKnownFileType = text.plist.xml; path = Info.plist; sourceTree = "<group>"; };
		F4FFEEDB1AA9CA5C00645325 /* InputEmojiExampleTests.m */ = {isa = PBXFileReference; lastKnownFileType = sourcecode.c.objc; path = InputEmojiExampleTests.m; sourceTree = "<group>"; };
		F4FFEEE51AAA07E700645325 /* EmojiTextAttachment.h */ = {isa = PBXFileReference; fileEncoding = 4; lastKnownFileType = sourcecode.c.h; path = EmojiTextAttachment.h; sourceTree = "<group>"; };
		F4FFEEE61AAA07E700645325 /* EmojiTextAttachment.m */ = {isa = PBXFileReference; fileEncoding = 4; lastKnownFileType = sourcecode.c.objc; path = EmojiTextAttachment.m; sourceTree = "<group>"; };
		F4FFEEE81AAA1BE100645325 /* Media.xcassets */ = {isa = PBXFileReference; lastKnownFileType = folder.assetcatalog; path = Media.xcassets; sourceTree = "<group>"; };
/* End PBXFileReference section */

/* Begin PBXFrameworksBuildPhase section */
		F4FFEEB91AA9CA5B00645325 /* Frameworks */ = {
			isa = PBXFrameworksBuildPhase;
			buildActionMask = 2147483647;
			files = (
			);
			runOnlyForDeploymentPostprocessing = 0;
		};
		F4FFEED21AA9CA5C00645325 /* Frameworks */ = {
			isa = PBXFrameworksBuildPhase;
			buildActionMask = 2147483647;
			files = (
			);
			runOnlyForDeploymentPostprocessing = 0;
		};
/* End PBXFrameworksBuildPhase section */

/* Begin PBXGroup section */
		F4FFEEB31AA9CA5B00645325 = {
			isa = PBXGroup;
			children = (
				F4FFEEBE1AA9CA5C00645325 /* InputEmojiExample */,
				F4FFEED81AA9CA5C00645325 /* InputEmojiExampleTests */,
				F4FFEEBD1AA9CA5C00645325 /* Products */,
			);
			sourceTree = "<group>";
		};
		F4FFEEBD1AA9CA5C00645325 /* Products */ = {
			isa = PBXGroup;
			children = (
				F4FFEEBC1AA9CA5C00645325 /* InputEmojiExample.app */,
				F4FFEED51AA9CA5C00645325 /* InputEmojiExampleTests.xctest */,
			);
			name = Products;
			sourceTree = "<group>";
		};
		F4FFEEBE1AA9CA5C00645325 /* InputEmojiExample */ = {
			isa = PBXGroup;
			children = (
				F4FFEEC31AA9CA5C00645325 /* AppDelegate.h */,
				F4FFEEC41AA9CA5C00645325 /* AppDelegate.m */,
				F4FFEEC61AA9CA5C00645325 /* ViewController.h */,
				F4FFEEC71AA9CA5C00645325 /* ViewController.m */,
				F4FFEEC91AA9CA5C00645325 /* Main.storyboard */,
				F4FFEECE1AA9CA5C00645325 /* LaunchScreen.xib */,
				F4FFEEBF1AA9CA5C00645325 /* Supporting Files */,
				F4FFEEE51AAA07E700645325 /* EmojiTextAttachment.h */,
				F4FFEEE61AAA07E700645325 /* EmojiTextAttachment.m */,
				6EB6247CBD7F1668B5C3DBE9 /* NSAttributedString+EmojiExtension.m */,
				6EB62D83E7D6E6DEB684FF44 /* NSAttributedString+EmojiExtension.h */,
				F4FFEEE81AAA1BE100645325 /* Media.xcassets */,
			);
			path = InputEmojiExample;
			sourceTree = "<group>";
		};
		F4FFEEBF1AA9CA5C00645325 /* Supporting Files */ = {
			isa = PBXGroup;
			children = (
				F4FFEEC01AA9CA5C00645325 /* Info.plist */,
				F4FFEEC11AA9CA5C00645325 /* main.m */,
			);
			name = "Supporting Files";
			sourceTree = "<group>";
		};
		F4FFEED81AA9CA5C00645325 /* InputEmojiExampleTests */ = {
			isa = PBXGroup;
			children = (
				F4FFEEDB1AA9CA5C00645325 /* InputEmojiExampleTests.m */,
				F4FFEED91AA9CA5C00645325 /* Supporting Files */,
			);
			path = InputEmojiExampleTests;
			sourceTree = "<group>";
		};
		F4FFEED91AA9CA5C00645325 /* Supporting Files */ = {
			isa = PBXGroup;
			children = (
				F4FFEEDA1AA9CA5C00645325 /* Info.plist */,
			);
			name = "Supporting Files";
			sourceTree = "<group>";
		};
/* End PBXGroup section */

/* Begin PBXNativeTarget section */
		F4FFEEBB1AA9CA5B00645325 /* InputEmojiExample */ = {
			isa = PBXNativeTarget;
			buildConfigurationList = F4FFEEDF1AA9CA5C00645325 /* Build configuration list for PBXNativeTarget "InputEmojiExample" */;
			buildPhases = (
				F4FFEEB81AA9CA5B00645325 /* Sources */,
				F4FFEEB91AA9CA5B00645325 /* Frameworks */,
				F4FFEEBA1AA9CA5B00645325 /* Resources */,
			);
			buildRules = (
			);
			dependencies = (
			);
			name = InputEmojiExample;
			productName = InputEmojiExample;
			productReference = F4FFEEBC1AA9CA5C00645325 /* InputEmojiExample.app */;
			productType = "com.apple.product-type.application";
		};
		F4FFEED41AA9CA5C00645325 /* InputEmojiExampleTests */ = {
			isa = PBXNativeTarget;
			buildConfigurationList = F4FFEEE21AA9CA5C00645325 /* Build configuration list for PBXNativeTarget "InputEmojiExampleTests" */;
			buildPhases = (
				F4FFEED11AA9CA5C00645325 /* Sources */,
				F4FFEED21AA9CA5C00645325 /* Frameworks */,
				F4FFEED31AA9CA5C00645325 /* Resources */,
			);
			buildRules = (
			);
			dependencies = (
				F4FFEED71AA9CA5C00645325 /* PBXTargetDependency */,
			);
			name = InputEmojiExampleTests;
			productName = InputEmojiExampleTests;
			productReference = F4FFEED51AA9CA5C00645325 /* InputEmojiExampleTests.xctest */;
			productType = "com.apple.product-type.bundle.unit-test";
		};
/* End PBXNativeTarget section */

/* Begin PBXProject section */
		F4FFEEB41AA9CA5B00645325 /* Project object */ = {
			isa = PBXProject;
			attributes = {
				LastUpgradeCheck = 0610;
				ORGANIZATIONNAME = tutuge;
				TargetAttributes = {
					F4FFEEBB1AA9CA5B00645325 = {
						CreatedOnToolsVersion = 6.1.1;
					};
					F4FFEED41AA9CA5C00645325 = {
						CreatedOnToolsVersion = 6.1.1;
						TestTargetID = F4FFEEBB1AA9CA5B00645325;
					};
				};
			};
			buildConfigurationList = F4FFEEB71AA9CA5B00645325 /* Build configuration list for PBXProject "InputEmojiExample" */;
			compatibilityVersion = "Xcode 3.2";
			developmentRegion = English;
			hasScannedForEncodings = 0;
			knownRegions = (
				en,
				Base,
			);
			mainGroup = F4FFEEB31AA9CA5B00645325;
			productRefGroup = F4FFEEBD1AA9CA5C00645325 /* Products */;
			projectDirPath = "";
			projectRoot = "";
			targets = (
				F4FFEEBB1AA9CA5B00645325 /* InputEmojiExample */,
				F4FFEED41AA9CA5C00645325 /* InputEmojiExampleTests */,
			);
		};
/* End PBXProject section */

/* Begin PBXResourcesBuildPhase section */
		F4FFEEBA1AA9CA5B00645325 /* Resources */ = {
			isa = PBXResourcesBuildPhase;
			buildActionMask = 2147483647;
			files = (
				F4FFEECB1AA9CA5C00645325 /* Main.storyboard in Resources */,
				F4FFEEE91AAA1BE100645325 /* Media.xcassets in Resources */,
				F4FFEED01AA9CA5C00645325 /* LaunchScreen.xib in Resources */,
			);
			runOnlyForDeploymentPostprocessing = 0;
		};
		F4FFEED31AA9CA5C00645325 /* Resources */ = {
			isa = PBXResourcesBuildPhase;
			buildActionMask = 2147483647;
			files = (
			);
			runOnlyForDeploymentPostprocessing = 0;
		};
/* End PBXResourcesBuildPhase section */

/* Begin PBXSourcesBuildPhase section */
		F4FFEEB81AA9CA5B00645325 /* Sources */ = {
			isa = PBXSourcesBuildPhase;
			buildActionMask = 2147483647;
			files = (
				F4FFEEC81AA9CA5C00645325 /* ViewController.m in Sources */,
				F4FFEEC51AA9CA5C00645325 /* AppDelegate.m in Sources */,
				F4FFEEE71AAA07E700645325 /* EmojiTextAttachment.m in Sources */,
				F4FFEEC21AA9CA5C00645325 /* main.m in Sources */,
				6EB624F20543BBF743E5ADED /* NSAttributedString+EmojiExtension.m in Sources */,
			);
			runOnlyForDeploymentPostprocessing = 0;
		};
		F4FFEED11AA9CA5C00645325 /* Sources */ = {
			isa = PBXSourcesBuildPhase;
			buildActionMask = 2147483647;
			files = (
				F4FFEEDC1AA9CA5C00645325 /* InputEmojiExampleTests.m in Sources */,
			);
			runOnlyForDeploymentPostprocessing = 0;
		};
/* End PBXSourcesBuildPhase section */

/* Begin PBXTargetDependency section */
		F4FFEED71AA9CA5C00645325 /* PBXTargetDependency */ = {
			isa = PBXTargetDependency;
			target = F4FFEEBB1AA9CA5B00645325 /* InputEmojiExample */;
			targetProxy = F4FFEED61AA9CA5C00645325 /* PBXContainerItemProxy */;
		};
/* End PBXTargetDependency section */

/* Begin PBXVariantGroup section */
		F4FFEEC91AA9CA5C00645325 /* Main.storyboard */ = {
			isa = PBXVariantGroup;
			children = (
				F4FFEECA1AA9CA5C00645325 /* Base */,
			);
			name = Main.storyboard;
			sourceTree = "<group>";
		};
		F4FFEECE1AA9CA5C00645325 /* LaunchScreen.xib */ = {
			isa = PBXVariantGroup;
			children = (
				F4FFEECF1AA9CA5C00645325 /* Base */,
			);
			name = LaunchScreen.xib;
			sourceTree = "<group>";
		};
/* End PBXVariantGroup section */

/* Begin XCBuildConfiguration section */
		F4FFEEDD1AA9CA5C00645325 /* Debug */ = {
			isa = XCBuildConfiguration;
			buildSettings = {
				ALWAYS_SEARCH_USER_PATHS = NO;
				CLANG_CXX_LANGUAGE_STANDARD = "gnu++0x";
				CLANG_CXX_LIBRARY = "libc++";
				CLANG_ENABLE_MODULES = YES;
				CLANG_ENABLE_OBJC_ARC = YES;
				CLANG_WARN_BOOL_CONVERSION = YES;
				CLANG_WARN_CONSTANT_CONVERSION = YES;
				CLANG_WARN_DIRECT_OBJC_ISA_USAGE = YES_ERROR;
				CLANG_WARN_EMPTY_BODY = YES;
				CLANG_WARN_ENUM_CONVERSION = YES;
				CLANG_WARN_INT_CONVERSION = YES;
				CLANG_WARN_OBJC_ROOT_CLASS = YES_ERROR;
				CLANG_WARN_UNREACHABLE_CODE = YES;
				CLANG_WARN__DUPLICATE_METHOD_MATCH = YES;
				"CODE_SIGN_IDENTITY[sdk=iphoneos*]" = "iPhone Developer";
				COPY_PHASE_STRIP = NO;
				ENABLE_STRICT_OBJC_MSGSEND = YES;
				GCC_C_LANGUAGE_STANDARD = gnu99;
				GCC_DYNAMIC_NO_PIC = NO;
				GCC_OPTIMIZATION_LEVEL = 0;
				GCC_PREPROCESSOR_DEFINITIONS = (
					"DEBUG=1",
					"$(inherited)",
				);
				GCC_SYMBOLS_PRIVATE_EXTERN = NO;
				GCC_WARN_64_TO_32_BIT_CONVERSION = YES;
				GCC_WARN_ABOUT_RETURN_TYPE = YES_ERROR;
				GCC_WARN_UNDECLARED_SELECTOR = YES;
				GCC_WARN_UNINITIALIZED_AUTOS = YES_AGGRESSIVE;
				GCC_WARN_UNUSED_FUNCTION = YES;
				GCC_WARN_UNUSED_VARIABLE = YES;
				IPHONEOS_DEPLOYMENT_TARGET = 8.0;
				MTL_ENABLE_DEBUG_INFO = YES;
				ONLY_ACTIVE_ARCH = YES;
				SDKROOT = iphoneos;
			};
			name = Debug;
		};
		F4FFEEDE1AA9CA5C00645325 /* Release */ = {
			isa = XCBuildConfiguration;
			buildSettings = {
				ALWAYS_SEARCH_USER_PATHS = NO;
				CLANG_CXX_LANGUAGE_STANDARD = "gnu++0x";
				CLANG_CXX_LIBRARY = "libc++";
				CLANG_ENABLE_MODULES = YES;
				CLANG_ENABLE_OBJC_ARC = YES;
				CLANG_WARN_BOOL_CONVERSION = YES;
				CLANG_WARN_CONSTANT_CONVERSION = YES;
				CLANG_WARN_DIRECT_OBJC_ISA_USAGE = YES_ERROR;
				CLANG_WARN_EMPTY_BODY = YES;
				CLANG_WARN_ENUM_CONVERSION = YES;
				CLANG_WARN_INT_CONVERSION = YES;
				CLANG_WARN_OBJC_ROOT_CLASS = YES_ERROR;
				CLANG_WARN_UNREACHABLE_CODE = YES;
				CLANG_WARN__DUPLICATE_METHOD_MATCH = YES;
				"CODE_SIGN_IDENTITY[sdk=iphoneos*]" = "iPhone Developer";
				COPY_PHASE_STRIP = YES;
				ENABLE_NS_ASSERTIONS = NO;
				ENABLE_STRICT_OBJC_MSGSEND = YES;
				GCC_C_LANGUAGE_STANDARD = gnu99;
				GCC_WARN_64_TO_32_BIT_CONVERSION = YES;
				GCC_WARN_ABOUT_RETURN_TYPE = YES_ERROR;
				GCC_WARN_UNDECLARED_SELECTOR = YES;
				GCC_WARN_UNINITIALIZED_AUTOS = YES_AGGRESSIVE;
				GCC_WARN_UNUSED_FUNCTION = YES;
				GCC_WARN_UNUSED_VARIABLE = YES;
				IPHONEOS_DEPLOYMENT_TARGET = 8.0;
				MTL_ENABLE_DEBUG_INFO = NO;
				SDKROOT = iphoneos;
				VALIDATE_PRODUCT = YES;
			};
			name = Release;
		};
		F4FFEEE01AA9CA5C00645325 /* Debug */ = {
			isa = XCBuildConfiguration;
			buildSettings = {
				ASSETCATALOG_COMPILER_APPICON_NAME = AppIcon;
				INFOPLIST_FILE = InputEmojiExample/Info.plist;
				LD_RUNPATH_SEARCH_PATHS = "$(inherited) @executable_path/Frameworks";
				PRODUCT_NAME = "$(TARGET_NAME)";
			};
			name = Debug;
		};
		F4FFEEE11AA9CA5C00645325 /* Release */ = {
			isa = XCBuildConfiguration;
			buildSettings = {
				ASSETCATALOG_COMPILER_APPICON_NAME = AppIcon;
				INFOPLIST_FILE = InputEmojiExample/Info.plist;
				LD_RUNPATH_SEARCH_PATHS = "$(inherited) @executable_path/Frameworks";
				PRODUCT_NAME = "$(TARGET_NAME)";
			};
			name = Release;
		};
		F4FFEEE31AA9CA5C00645325 /* Debug */ = {
			isa = XCBuildConfiguration;
			buildSettings = {
				BUNDLE_LOADER = "$(TEST_HOST)";
				FRAMEWORK_SEARCH_PATHS = (
					"$(SDKROOT)/Developer/Library/Frameworks",
					"$(inherited)",
				);
				GCC_PREPROCESSOR_DEFINITIONS = (
					"DEBUG=1",
					"$(inherited)",
				);
				INFOPLIST_FILE = InputEmojiExampleTests/Info.plist;
				LD_RUNPATH_SEARCH_PATHS = "$(inherited) @executable_path/Frameworks @loader_path/Frameworks";
				PRODUCT_NAME = "$(TARGET_NAME)";
				TEST_HOST = "$(BUILT_PRODUCTS_DIR)/InputEmojiExample.app/InputEmojiExample";
			};
			name = Debug;
		};
		F4FFEEE41AA9CA5C00645325 /* Release */ = {
			isa = XCBuildConfiguration;
			buildSettings = {
				BUNDLE_LOADER = "$(TEST_HOST)";
				FRAMEWORK_SEARCH_PATHS = (
					"$(SDKROOT)/Developer/Library/Frameworks",
					"$(inherited)",
				);
				INFOPLIST_FILE = InputEmojiExampleTests/Info.plist;
				LD_RUNPATH_SEARCH_PATHS = "$(inherited) @executable_path/Frameworks @loader_path/Frameworks";
				PRODUCT_NAME = "$(TARGET_NAME)";
				TEST_HOST = "$(BUILT_PRODUCTS_DIR)/InputEmojiExample.app/InputEmojiExample";
			};
			name = Release;
		};
/* End XCBuildConfiguration section */

/* Begin XCConfigurationList section */
		F4FFEEB71AA9CA5B00645325 /* Build configuration list for PBXProject "InputEmojiExample" */ = {
			isa = XCConfigurationList;
			buildConfigurations = (
				F4FFEEDD1AA9CA5C00645325 /* Debug */,
				F4FFEEDE1AA9CA5C00645325 /* Release */,
			);
			defaultConfigurationIsVisible = 0;
			defaultConfigurationName = Release;
		};
		F4FFEEDF1AA9CA5C00645325 /* Build configuration list for PBXNativeTarget "InputEmojiExample" */ = {
			isa = XCConfigurationList;
			buildConfigurations = (
				F4FFEEE01AA9CA5C00645325 /* Debug */,
				F4FFEEE11AA9CA5C00645325 /* Release */,
			);
			defaultConfigurationIsVisible = 0;
			defaultConfigurationName = Release;
		};
		F4FFEEE21AA9CA5C00645325 /* Build configuration list for PBXNativeTarget "InputEmojiExampleTests" */ = {
			isa = XCConfigurationList;
			buildConfigurations = (
				F4FFEEE31AA9CA5C00645325 /* Debug */,
				F4FFEEE41AA9CA5C00645325 /* Release */,
			);
			defaultConfigurationIsVisible = 0;
			defaultConfigurationName = Release;
		};
/* End XCConfigurationList section */
	};
	rootObject = F4FFEEB41AA9CA5B00645325 /* Project object */;
}
